
Microsoft Visual Studio Solution File, Format Version 12.00
# Visual Studio 15
VisualStudioVersion = 15.0.28307.421
MinimumVisualStudioVersion = 10.0.40219.1
Project("{888888A0-9F3D-457C-B088-3A5042F75D52}") = "DSpaceImport", "DSpaceImport\DSpaceImport.pyproj", "{9C7F57E9-2927-4C0D-9DE1-435DE78725EC}"
EndProject
Global
	GlobalSection(SolutionConfigurationPlatforms) = preSolution
		Debug|Any CPU = Debug|Any CPU
		Release|Any CPU = Release|Any CPU
	EndGlobalSection
	GlobalSection(ProjectConfigurationPlatforms) = postSolution
		{9C7F57E9-2927-4C0D-9DE1-435DE78725EC}.Debug|Any CPU.ActiveCfg = Debug|Any CPU
		{9C7F57E9-2927-4C0D-9DE1-435DE78725EC}.Release|Any CPU.ActiveCfg = Release|Any CPU
	EndGlobalSection
	GlobalSection(SolutionProperties) = preSolution
		HideSolutionNode = FALSE
	EndGlobalSection
	GlobalSection(ExtensibilityGlobals) = postSolution
		SolutionGuid = {3A677F8A-A579-4E28-AB38-8DAEAC896A8B}
	EndGlobalSection
EndGlobal
